
Microsoft Visual Studio Solution File, Format Version 12.00
# Visual Studio Version 16
VisualStudioVersion = 16.0.32106.194
MinimumVisualStudioVersion = 10.0.40219.1
Project("{FAE04EC0-301F-11D3-BF4B-00C04F79EFBC}") = "MarkdownDocumentation", "MarkdownDocumentation.csproj", "{ED349D19-6597-48E1-9DB8-18AF2BB92676}"
EndProject
Global
	GlobalSection(SolutionConfigurationPlatforms) = preSolution
		Debug|Any CPU = Debug|Any CPU
		Release|Any CPU = Release|Any CPU
	EndGlobalSection
	GlobalSection(ProjectConfigurationPlatforms) = postSolution
		{ED349D19-6597-48E1-9DB8-18AF2BB92676}.Debug|Any CPU.ActiveCfg = Debug|Any CPU
		{ED349D19-6597-48E1-9DB8-18AF2BB92676}.Debug|Any CPU.Build.0 = Debug|Any CPU
		{ED349D19-6597-48E1-9DB8-18AF2BB92676}.Release|Any CPU.ActiveCfg = Release|Any CPU
		{ED349D19-6597-48E1-9DB8-18AF2BB92676}.Release|Any CPU.Build.0 = Release|Any CPU
	EndGlobalSection
	GlobalSection(SolutionProperties) = preSolution
		HideSolutionNode = FALSE
	EndGlobalSection
	GlobalSection(ExtensibilityGlobals) = postSolution
		SolutionGuid = {4996A59B-E182-40EF-B036-57385F4D3A83}
	EndGlobalSection
EndGlobal
